// !$*UTF8*$!
{
	archiveVersion = 1;
	classes = {
	};
	objectVersion = 46;
	objects = {

/* Begin PBXBuildFile section */
		5C170C3F1937062800E7429E /* CSAboutUsViewController.m in Sources */ = {isa = PBXBuildFile; fileRef = 5C170C3E1937062800E7429E /* CSAboutUsViewController.m */; };
		5C71A83D193AD1980021EA4A /* Wave.png in Resources */ = {isa = PBXBuildFile; fileRef = 5C71A83C193AD1980021EA4A /* Wave.png */; };
		5C97074E1928D634007ACED8 /* Foundation.framework in Frameworks */ = {isa = PBXBuildFile; fileRef = 5C97074D1928D634007ACED8 /* Foundation.framework */; };
		5C9707501928D634007ACED8 /* CoreGraphics.framework in Frameworks */ = {isa = PBXBuildFile; fileRef = 5C97074F1928D634007ACED8 /* CoreGraphics.framework */; };
		5C9707521928D634007ACED8 /* UIKit.framework in Frameworks */ = {isa = PBXBuildFile; fileRef = 5C9707511928D634007ACED8 /* UIKit.framework */; };
		5C9707581928D634007ACED8 /* InfoPlist.strings in Resources */ = {isa = PBXBuildFile; fileRef = 5C9707561928D634007ACED8 /* InfoPlist.strings */; };
		5C97075A1928D634007ACED8 /* main.m in Sources */ = {isa = PBXBuildFile; fileRef = 5C9707591928D634007ACED8 /* main.m */; };
		5C97075E1928D634007ACED8 /* CSAppDelegate.m in Sources */ = {isa = PBXBuildFile; fileRef = 5C97075D1928D634007ACED8 /* CSAppDelegate.m */; };
		5C9707601928D634007ACED8 /* Images.xcassets in Resources */ = {isa = PBXBuildFile; fileRef = 5C97075F1928D634007ACED8 /* Images.xcassets */; };
		5C9707671928D634007ACED8 /* XCTest.framework in Frameworks */ = {isa = PBXBuildFile; fileRef = 5C9707661928D634007ACED8 /* XCTest.framework */; };
		5C9707681928D634007ACED8 /* Foundation.framework in Frameworks */ = {isa = PBXBuildFile; fileRef = 5C97074D1928D634007ACED8 /* Foundation.framework */; };
		5C9707691928D634007ACED8 /* UIKit.framework in Frameworks */ = {isa = PBXBuildFile; fileRef = 5C9707511928D634007ACED8 /* UIKit.framework */; };
		5C9707711928D634007ACED8 /* InfoPlist.strings in Resources */ = {isa = PBXBuildFile; fileRef = 5C97076F1928D634007ACED8 /* InfoPlist.strings */; };
		5C9707731928D634007ACED8 /* GeburtstagTests.m in Sources */ = {isa = PBXBuildFile; fileRef = 5C9707721928D634007ACED8 /* GeburtstagTests.m */; };
		5C97077E1928E152007ACED8 /* CSOverviewViewController.m in Sources */ = {isa = PBXBuildFile; fileRef = 5C97077D1928E152007ACED8 /* CSOverviewViewController.m */; };
		5C9707811928E2A9007ACED8 /* CSOverviewCell.m in Sources */ = {isa = PBXBuildFile; fileRef = 5C9707801928E2A9007ACED8 /* CSOverviewCell.m */; };
		5CCF05D219388FE300B2B7EE /* Parse.framework in Frameworks */ = {isa = PBXBuildFile; fileRef = 5CCF05D119388FE300B2B7EE /* Parse.framework */; };
		5CCF05DC193890B100B2B7EE /* AudioToolbox.framework in Frameworks */ = {isa = PBXBuildFile; fileRef = 5CCF05D3193890B100B2B7EE /* AudioToolbox.framework */; };
		5CCF05DD193890B100B2B7EE /* CFNetwork.framework in Frameworks */ = {isa = PBXBuildFile; fileRef = 5CCF05D4193890B100B2B7EE /* CFNetwork.framework */; };
		5CCF05DE193890B100B2B7EE /* CoreLocation.framework in Frameworks */ = {isa = PBXBuildFile; fileRef = 5CCF05D5193890B100B2B7EE /* CoreLocation.framework */; };
		5CCF05DF193890B100B2B7EE /* libz.1.1.3.dylib in Frameworks */ = {isa = PBXBuildFile; fileRef = 5CCF05D6193890B100B2B7EE /* libz.1.1.3.dylib */; };
		5CCF05E0193890B100B2B7EE /* MobileCoreServices.framework in Frameworks */ = {isa = PBXBuildFile; fileRef = 5CCF05D7193890B100B2B7EE /* MobileCoreServices.framework */; };
		5CCF05E1193890B100B2B7EE /* QuartzCore.framework in Frameworks */ = {isa = PBXBuildFile; fileRef = 5CCF05D8193890B100B2B7EE /* QuartzCore.framework */; };
		5CCF05E2193890B100B2B7EE /* Security.framework in Frameworks */ = {isa = PBXBuildFile; fileRef = 5CCF05D9193890B100B2B7EE /* Security.framework */; };
		5CCF05E3193890B100B2B7EE /* StoreKit.framework in Frameworks */ = {isa = PBXBuildFile; fileRef = 5CCF05DA193890B100B2B7EE /* StoreKit.framework */; };
		5CCF05E4193890B100B2B7EE /* SystemConfiguration.framework in Frameworks */ = {isa = PBXBuildFile; fileRef = 5CCF05DB193890B100B2B7EE /* SystemConfiguration.framework */; };
		5CCF05E71938953000B2B7EE /* CSAddFriendViewController.m in Sources */ = {isa = PBXBuildFile; fileRef = 5CCF05E61938953000B2B7EE /* CSAddFriendViewController.m */; };
/* End PBXBuildFile section */

/* Begin PBXContainerItemProxy section */
		5C97076A1928D634007ACED8 /* PBXContainerItemProxy */ = {
			isa = PBXContainerItemProxy;
			containerPortal = 5C9707421928D634007ACED8 /* Project object */;
			proxyType = 1;
			remoteGlobalIDString = 5C9707491928D634007ACED8;
			remoteInfo = Geburtstag;
		};
/* End PBXContainerItemProxy section */

/* Begin PBXFileReference section */
		5C170C3D1937062800E7429E /* CSAboutUsViewController.h */ = {isa = PBXFileReference; fileEncoding = 4; lastKnownFileType = sourcecode.c.h; name = CSAboutUsViewController.h; path = ../CSAboutUsViewController.h; sourceTree = "<group>"; };
		5C170C3E1937062800E7429E /* CSAboutUsViewController.m */ = {isa = PBXFileReference; fileEncoding = 4; lastKnownFileType = sourcecode.c.objc; name = CSAboutUsViewController.m; path = ../CSAboutUsViewController.m; sourceTree = "<group>"; };
		5C71A83C193AD1980021EA4A /* Wave.png */ = {isa = PBXFileReference; lastKnownFileType = image.png; path = Wave.png; sourceTree = "<group>"; };
		5C97074A1928D634007ACED8 /* Geburtstag.app */ = {isa = PBXFileReference; explicitFileType = wrapper.application; includeInIndex = 0; path = Geburtstag.app; sourceTree = BUILT_PRODUCTS_DIR; };
		5C97074D1928D634007ACED8 /* Foundation.framework */ = {isa = PBXFileReference; lastKnownFileType = wrapper.framework; name = Foundation.framework; path = System/Library/Frameworks/Foundation.framework; sourceTree = SDKROOT; };
		5C97074F1928D634007ACED8 /* CoreGraphics.framework */ = {isa = PBXFileReference; lastKnownFileType = wrapper.framework; name = CoreGraphics.framework; path = System/Library/Frameworks/CoreGraphics.framework; sourceTree = SDKROOT; };
		5C9707511928D634007ACED8 /* UIKit.framework */ = {isa = PBXFileReference; lastKnownFileType = wrapper.framework; name = UIKit.framework; path = System/Library/Frameworks/UIKit.framework; sourceTree = SDKROOT; };
		5C9707551928D634007ACED8 /* Geburtstag-Info.plist */ = {isa = PBXFileReference; lastKnownFileType = text.plist.xml; path = "Geburtstag-Info.plist"; sourceTree = "<group>"; };
		5C9707571928D634007ACED8 /* en */ = {isa = PBXFileReference; lastKnownFileType = text.plist.strings; name = en; path = en.lproj/InfoPlist.strings; sourceTree = "<group>"; };
		5C9707591928D634007ACED8 /* main.m */ = {isa = PBXFileReference; lastKnownFileType = sourcecode.c.objc; path = main.m; sourceTree = "<group>"; };
		5C97075B1928D634007ACED8 /* Geburtstag-Prefix.pch */ = {isa = PBXFileReference; lastKnownFileType = sourcecode.c.h; path = "Geburtstag-Prefix.pch"; sourceTree = "<group>"; };
		5C97075C1928D634007ACED8 /* CSAppDelegate.h */ = {isa = PBXFileReference; lastKnownFileType = sourcecode.c.h; path = CSAppDelegate.h; sourceTree = "<group>"; };
		5C97075D1928D634007ACED8 /* CSAppDelegate.m */ = {isa = PBXFileReference; lastKnownFileType = sourcecode.c.objc; path = CSAppDelegate.m; sourceTree = "<group>"; };
		5C97075F1928D634007ACED8 /* Images.xcassets */ = {isa = PBXFileReference; lastKnownFileType = folder.assetcatalog; path = Images.xcassets; sourceTree = "<group>"; };
		5C9707651928D634007ACED8 /* GeburtstagTests.xctest */ = {isa = PBXFileReference; explicitFileType = wrapper.cfbundle; includeInIndex = 0; path = GeburtstagTests.xctest; sourceTree = BUILT_PRODUCTS_DIR; };
		5C9707661928D634007ACED8 /* XCTest.framework */ = {isa = PBXFileReference; lastKnownFileType = wrapper.framework; name = XCTest.framework; path = Library/Frameworks/XCTest.framework; sourceTree = DEVELOPER_DIR; };
		5C97076E1928D634007ACED8 /* GeburtstagTests-Info.plist */ = {isa = PBXFileReference; lastKnownFileType = text.plist.xml; path = "GeburtstagTests-Info.plist"; sourceTree = "<group>"; };
		5C9707701928D634007ACED8 /* en */ = {isa = PBXFileReference; lastKnownFileType = text.plist.strings; name = en; path = en.lproj/InfoPlist.strings; sourceTree = "<group>"; };
		5C9707721928D634007ACED8 /* GeburtstagTests.m */ = {isa = PBXFileReference; lastKnownFileType = sourcecode.c.objc; path = GeburtstagTests.m; sourceTree = "<group>"; };
		5C97077C1928E152007ACED8 /* CSOverviewViewController.h */ = {isa = PBXFileReference; fileEncoding = 4; lastKnownFileType = sourcecode.c.h; path = CSOverviewViewController.h; sourceTree = "<group>"; };
		5C97077D1928E152007ACED8 /* CSOverviewViewController.m */ = {isa = PBXFileReference; fileEncoding = 4; lastKnownFileType = sourcecode.c.objc; path = CSOverviewViewController.m; sourceTree = "<group>"; };
		5C97077F1928E2A9007ACED8 /* CSOverviewCell.h */ = {isa = PBXFileReference; fileEncoding = 4; lastKnownFileType = sourcecode.c.h; path = CSOverviewCell.h; sourceTree = "<group>"; };
		5C9707801928E2A9007ACED8 /* CSOverviewCell.m */ = {isa = PBXFileReference; fileEncoding = 4; lastKnownFileType = sourcecode.c.objc; path = CSOverviewCell.m; sourceTree = "<group>"; };
		5CCF05D119388FE300B2B7EE /* Parse.framework */ = {isa = PBXFileReference; lastKnownFileType = wrapper.framework; path = Parse.framework; sourceTree = "<group>"; };
		5CCF05D3193890B100B2B7EE /* AudioToolbox.framework */ = {isa = PBXFileReference; lastKnownFileType = wrapper.framework; name = AudioToolbox.framework; path = System/Library/Frameworks/AudioToolbox.framework; sourceTree = SDKROOT; };
		5CCF05D4193890B100B2B7EE /* CFNetwork.framework */ = {isa = PBXFileReference; lastKnownFileType = wrapper.framework; name = CFNetwork.framework; path = System/Library/Frameworks/CFNetwork.framework; sourceTree = SDKROOT; };
		5CCF05D5193890B100B2B7EE /* CoreLocation.framework */ = {isa = PBXFileReference; lastKnownFileType = wrapper.framework; name = CoreLocation.framework; path = System/Library/Frameworks/CoreLocation.framework; sourceTree = SDKROOT; };
		5CCF05D6193890B100B2B7EE /* libz.1.1.3.dylib */ = {isa = PBXFileReference; lastKnownFileType = "compiled.mach-o.dylib"; name = libz.1.1.3.dylib; path = usr/lib/libz.1.1.3.dylib; sourceTree = SDKROOT; };
		5CCF05D7193890B100B2B7EE /* MobileCoreServices.framework */ = {isa = PBXFileReference; lastKnownFileType = wrapper.framework; name = MobileCoreServices.framework; path = System/Library/Frameworks/MobileCoreServices.framework; sourceTree = SDKROOT; };
		5CCF05D8193890B100B2B7EE /* QuartzCore.framework */ = {isa = PBXFileReference; lastKnownFileType = wrapper.framework; name = QuartzCore.framework; path = System/Library/Frameworks/QuartzCore.framework; sourceTree = SDKROOT; };
		5CCF05D9193890B100B2B7EE /* Security.framework */ = {isa = PBXFileReference; lastKnownFileType = wrapper.framework; name = Security.framework; path = System/Library/Frameworks/Security.framework; sourceTree = SDKROOT; };
		5CCF05DA193890B100B2B7EE /* StoreKit.framework */ = {isa = PBXFileReference; lastKnownFileType = wrapper.framework; name = StoreKit.framework; path = System/Library/Frameworks/StoreKit.framework; sourceTree = SDKROOT; };
		5CCF05DB193890B100B2B7EE /* SystemConfiguration.framework */ = {isa = PBXFileReference; lastKnownFileType = wrapper.framework; name = SystemConfiguration.framework; path = System/Library/Frameworks/SystemConfiguration.framework; sourceTree = SDKROOT; };
		5CCF05E51938953000B2B7EE /* CSAddFriendViewController.h */ = {isa = PBXFileReference; fileEncoding = 4; lastKnownFileType = sourcecode.c.h; path = CSAddFriendViewController.h; sourceTree = "<group>"; };
		5CCF05E61938953000B2B7EE /* CSAddFriendViewController.m */ = {isa = PBXFileReference; fileEncoding = 4; lastKnownFileType = sourcecode.c.objc; path = CSAddFriendViewController.m; sourceTree = "<group>"; };
/* End PBXFileReference section */

/* Begin PBXFrameworksBuildPhase section */
		5C9707471928D634007ACED8 /* Frameworks */ = {
			isa = PBXFrameworksBuildPhase;
			buildActionMask = 2147483647;
			files = (
				5CCF05DC193890B100B2B7EE /* AudioToolbox.framework in Frameworks */,
				5CCF05DD193890B100B2B7EE /* CFNetwork.framework in Frameworks */,
				5CCF05DE193890B100B2B7EE /* CoreLocation.framework in Frameworks */,
				5CCF05DF193890B100B2B7EE /* libz.1.1.3.dylib in Frameworks */,
				5CCF05E0193890B100B2B7EE /* MobileCoreServices.framework in Frameworks */,
				5CCF05E1193890B100B2B7EE /* QuartzCore.framework in Frameworks */,
				5CCF05E2193890B100B2B7EE /* Security.framework in Frameworks */,
				5CCF05E3193890B100B2B7EE /* StoreKit.framework in Frameworks */,
				5CCF05E4193890B100B2B7EE /* SystemConfiguration.framework in Frameworks */,
				5C9707501928D634007ACED8 /* CoreGraphics.framework in Frameworks */,
				5C9707521928D634007ACED8 /* UIKit.framework in Frameworks */,
				5CCF05D219388FE300B2B7EE /* Parse.framework in Frameworks */,
				5C97074E1928D634007ACED8 /* Foundation.framework in Frameworks */,
			);
			runOnlyForDeploymentPostprocessing = 0;
		};
		5C9707621928D634007ACED8 /* Frameworks */ = {
			isa = PBXFrameworksBuildPhase;
			buildActionMask = 2147483647;
			files = (
				5C9707671928D634007ACED8 /* XCTest.framework in Frameworks */,
				5C9707691928D634007ACED8 /* UIKit.framework in Frameworks */,
				5C9707681928D634007ACED8 /* Foundation.framework in Frameworks */,
			);
			runOnlyForDeploymentPostprocessing = 0;
		};
/* End PBXFrameworksBuildPhase section */

/* Begin PBXGroup section */
		5C9707411928D634007ACED8 = {
			isa = PBXGroup;
			children = (
				5C9707531928D634007ACED8 /* Geburtstag */,
				5C97076C1928D634007ACED8 /* GeburtstagTests */,
				5C97074C1928D634007ACED8 /* Frameworks */,
				5C97074B1928D634007ACED8 /* Products */,
			);
			sourceTree = "<group>";
		};
		5C97074B1928D634007ACED8 /* Products */ = {
			isa = PBXGroup;
			children = (
				5C97074A1928D634007ACED8 /* Geburtstag.app */,
				5C9707651928D634007ACED8 /* GeburtstagTests.xctest */,
			);
			name = Products;
			sourceTree = "<group>";
		};
		5C97074C1928D634007ACED8 /* Frameworks */ = {
			isa = PBXGroup;
			children = (
				5CCF05D3193890B100B2B7EE /* AudioToolbox.framework */,
				5CCF05D4193890B100B2B7EE /* CFNetwork.framework */,
				5CCF05D5193890B100B2B7EE /* CoreLocation.framework */,
				5CCF05D6193890B100B2B7EE /* libz.1.1.3.dylib */,
				5CCF05D7193890B100B2B7EE /* MobileCoreServices.framework */,
				5CCF05D8193890B100B2B7EE /* QuartzCore.framework */,
				5CCF05D9193890B100B2B7EE /* Security.framework */,
				5CCF05DA193890B100B2B7EE /* StoreKit.framework */,
				5CCF05DB193890B100B2B7EE /* SystemConfiguration.framework */,
				5CCF05D119388FE300B2B7EE /* Parse.framework */,
				5C97074D1928D634007ACED8 /* Foundation.framework */,
				5C97074F1928D634007ACED8 /* CoreGraphics.framework */,
				5C9707511928D634007ACED8 /* UIKit.framework */,
				5C9707661928D634007ACED8 /* XCTest.framework */,
			);
			name = Frameworks;
			sourceTree = "<group>";
		};
		5C9707531928D634007ACED8 /* Geburtstag */ = {
			isa = PBXGroup;
			children = (
				5C71A83C193AD1980021EA4A /* Wave.png */,
				5C97075C1928D634007ACED8 /* CSAppDelegate.h */,
				5C97075D1928D634007ACED8 /* CSAppDelegate.m */,
				5C97077C1928E152007ACED8 /* CSOverviewViewController.h */,
				5C97077D1928E152007ACED8 /* CSOverviewViewController.m */,
				5C97077F1928E2A9007ACED8 /* CSOverviewCell.h */,
				5C9707801928E2A9007ACED8 /* CSOverviewCell.m */,
				5C170C3D1937062800E7429E /* CSAboutUsViewController.h */,
				5C170C3E1937062800E7429E /* CSAboutUsViewController.m */,
				5CCF05E51938953000B2B7EE /* CSAddFriendViewController.h */,
				5CCF05E61938953000B2B7EE /* CSAddFriendViewController.m */,
				5C97075F1928D634007ACED8 /* Images.xcassets */,
				5C9707541928D634007ACED8 /* Supporting Files */,
			);
			path = Geburtstag;
			sourceTree = "<group>";
		};
		5C9707541928D634007ACED8 /* Supporting Files */ = {
			isa = PBXGroup;
			children = (
				5C9707551928D634007ACED8 /* Geburtstag-Info.plist */,
				5C9707561928D634007ACED8 /* InfoPlist.strings */,
				5C9707591928D634007ACED8 /* main.m */,
				5C97075B1928D634007ACED8 /* Geburtstag-Prefix.pch */,
			);
			name = "Supporting Files";
			sourceTree = "<group>";
		};
		5C97076C1928D634007ACED8 /* GeburtstagTests */ = {
			isa = PBXGroup;
			children = (
				5C9707721928D634007ACED8 /* GeburtstagTests.m */,
				5C97076D1928D634007ACED8 /* Supporting Files */,
			);
			path = GeburtstagTests;
			sourceTree = "<group>";
		};
		5C97076D1928D634007ACED8 /* Supporting Files */ = {
			isa = PBXGroup;
			children = (
				5C97076E1928D634007ACED8 /* GeburtstagTests-Info.plist */,
				5C97076F1928D634007ACED8 /* InfoPlist.strings */,
			);
			name = "Supporting Files";
			sourceTree = "<group>";
		};
/* End PBXGroup section */

/* Begin PBXNativeTarget section */
		5C9707491928D634007ACED8 /* Geburtstag */ = {
			isa = PBXNativeTarget;
			buildConfigurationList = 5C9707761928D634007ACED8 /* Build configuration list for PBXNativeTarget "Geburtstag" */;
			buildPhases = (
				5C9707461928D634007ACED8 /* Sources */,
				5C9707471928D634007ACED8 /* Frameworks */,
				5C9707481928D634007ACED8 /* Resources */,
			);
			buildRules = (
			);
			dependencies = (
			);
			name = Geburtstag;
			productName = Geburtstag;
			productReference = 5C97074A1928D634007ACED8 /* Geburtstag.app */;
			productType = "com.apple.product-type.application";
		};
		5C9707641928D634007ACED8 /* GeburtstagTests */ = {
			isa = PBXNativeTarget;
			buildConfigurationList = 5C9707791928D634007ACED8 /* Build configuration list for PBXNativeTarget "GeburtstagTests" */;
			buildPhases = (
				5C9707611928D634007ACED8 /* Sources */,
				5C9707621928D634007ACED8 /* Frameworks */,
				5C9707631928D634007ACED8 /* Resources */,
			);
			buildRules = (
			);
			dependencies = (
				5C97076B1928D634007ACED8 /* PBXTargetDependency */,
			);
			name = GeburtstagTests;
			productName = GeburtstagTests;
			productReference = 5C9707651928D634007ACED8 /* GeburtstagTests.xctest */;
			productType = "com.apple.product-type.bundle.unit-test";
		};
/* End PBXNativeTarget section */

/* Begin PBXProject section */
		5C9707421928D634007ACED8 /* Project object */ = {
			isa = PBXProject;
			attributes = {
				CLASSPREFIX = CS;
				LastUpgradeCheck = 0510;
				ORGANIZATIONNAME = "Christopher Seidl";
				TargetAttributes = {
					5C9707641928D634007ACED8 = {
						TestTargetID = 5C9707491928D634007ACED8;
					};
				};
			};
			buildConfigurationList = 5C9707451928D634007ACED8 /* Build configuration list for PBXProject "Geburtstag" */;
			compatibilityVersion = "Xcode 3.2";
			developmentRegion = English;
			hasScannedForEncodings = 0;
			knownRegions = (
				en,
			);
			mainGroup = 5C9707411928D634007ACED8;
			productRefGroup = 5C97074B1928D634007ACED8 /* Products */;
			projectDirPath = "";
			projectRoot = "";
			targets = (
				5C9707491928D634007ACED8 /* Geburtstag */,
				5C9707641928D634007ACED8 /* GeburtstagTests */,
			);
		};
/* End PBXProject section */

/* Begin PBXResourcesBuildPhase section */
		5C9707481928D634007ACED8 /* Resources */ = {
			isa = PBXResourcesBuildPhase;
			buildActionMask = 2147483647;
			files = (
				5C71A83D193AD1980021EA4A /* Wave.png in Resources */,
				5C9707581928D634007ACED8 /* InfoPlist.strings in Resources */,
				5C9707601928D634007ACED8 /* Images.xcassets in Resources */,
			);
			runOnlyForDeploymentPostprocessing = 0;
		};
		5C9707631928D634007ACED8 /* Resources */ = {
			isa = PBXResourcesBuildPhase;
			buildActionMask = 2147483647;
			files = (
				5C9707711928D634007ACED8 /* InfoPlist.strings in Resources */,
			);
			runOnlyForDeploymentPostprocessing = 0;
		};
/* End PBXResourcesBuildPhase section */

/* Begin PBXSourcesBuildPhase section */
		5C9707461928D634007ACED8 /* Sources */ = {
			isa = PBXSourcesBuildPhase;
			buildActionMask = 2147483647;
			files = (
				5C9707811928E2A9007ACED8 /* CSOverviewCell.m in Sources */,
				5C97075E1928D634007ACED8 /* CSAppDelegate.m in Sources */,
				5C97075A1928D634007ACED8 /* main.m in Sources */,
				5C170C3F1937062800E7429E /* CSAboutUsViewController.m in Sources */,
				5CCF05E71938953000B2B7EE /* CSAddFriendViewController.m in Sources */,
				5C97077E1928E152007ACED8 /* CSOverviewViewController.m in Sources */,
			);
			runOnlyForDeploymentPostprocessing = 0;
		};
		5C9707611928D634007ACED8 /* Sources */ = {
			isa = PBXSourcesBuildPhase;
			buildActionMask = 2147483647;
			files = (
				5C9707731928D634007ACED8 /* GeburtstagTests.m in Sources */,
			);
			runOnlyForDeploymentPostprocessing = 0;
		};
/* End PBXSourcesBuildPhase section */

/* Begin PBXTargetDependency section */
		5C97076B1928D634007ACED8 /* PBXTargetDependency */ = {
			isa = PBXTargetDependency;
			target = 5C9707491928D634007ACED8 /* Geburtstag */;
			targetProxy = 5C97076A1928D634007ACED8 /* PBXContainerItemProxy */;
		};
/* End PBXTargetDependency section */

/* Begin PBXVariantGroup section */
		5C9707561928D634007ACED8 /* InfoPlist.strings */ = {
			isa = PBXVariantGroup;
			children = (
				5C9707571928D634007ACED8 /* en */,
			);
			name = InfoPlist.strings;
			sourceTree = "<group>";
		};
		5C97076F1928D634007ACED8 /* InfoPlist.strings */ = {
			isa = PBXVariantGroup;
			children = (
				5C9707701928D634007ACED8 /* en */,
			);
			name = InfoPlist.strings;
			sourceTree = "<group>";
		};
/* End PBXVariantGroup section */

/* Begin XCBuildConfiguration section */
		5C9707741928D634007ACED8 /* Debug */ = {
			isa = XCBuildConfiguration;
			buildSettings = {
				ALWAYS_SEARCH_USER_PATHS = NO;
				CLANG_CXX_LANGUAGE_STANDARD = "gnu++0x";
				CLANG_CXX_LIBRARY = "libc++";
				CLANG_ENABLE_MODULES = YES;
				CLANG_ENABLE_OBJC_ARC = YES;
				CLANG_WARN_BOOL_CONVERSION = YES;
				CLANG_WARN_CONSTANT_CONVERSION = YES;
				CLANG_WARN_DIRECT_OBJC_ISA_USAGE = YES_ERROR;
				CLANG_WARN_EMPTY_BODY = YES;
				CLANG_WARN_ENUM_CONVERSION = YES;
				CLANG_WARN_INT_CONVERSION = YES;
				CLANG_WARN_OBJC_ROOT_CLASS = YES_ERROR;
				CLANG_WARN__DUPLICATE_METHOD_MATCH = YES;
				"CODE_SIGN_IDENTITY[sdk=iphoneos*]" = "iPhone Developer";
				COPY_PHASE_STRIP = NO;
				GCC_C_LANGUAGE_STANDARD = gnu99;
				GCC_DYNAMIC_NO_PIC = NO;
				GCC_OPTIMIZATION_LEVEL = 0;
				GCC_PREPROCESSOR_DEFINITIONS = (
					"DEBUG=1",
					"$(inherited)",
				);
				GCC_SYMBOLS_PRIVATE_EXTERN = NO;
				GCC_WARN_64_TO_32_BIT_CONVERSION = YES;
				GCC_WARN_ABOUT_RETURN_TYPE = YES_ERROR;
				GCC_WARN_UNDECLARED_SELECTOR = YES;
				GCC_WARN_UNINITIALIZED_AUTOS = YES_AGGRESSIVE;
				GCC_WARN_UNUSED_FUNCTION = YES;
				GCC_WARN_UNUSED_VARIABLE = YES;
				IPHONEOS_DEPLOYMENT_TARGET = 7.1;
				ONLY_ACTIVE_ARCH = YES;
				SDKROOT = iphoneos;
			};
			name = Debug;
		};
		5C9707751928D634007ACED8 /* Release */ = {
			isa = XCBuildConfiguration;
			buildSettings = {
				ALWAYS_SEARCH_USER_PATHS = NO;
				CLANG_CXX_LANGUAGE_STANDARD = "gnu++0x";
				CLANG_CXX_LIBRARY = "libc++";
				CLANG_ENABLE_MODULES = YES;
				CLANG_ENABLE_OBJC_ARC = YES;
				CLANG_WARN_BOOL_CONVERSION = YES;
				CLANG_WARN_CONSTANT_CONVERSION = YES;
				CLANG_WARN_DIRECT_OBJC_ISA_USAGE = YES_ERROR;
				CLANG_WARN_EMPTY_BODY = YES;
				CLANG_WARN_ENUM_CONVERSION = YES;
				CLANG_WARN_INT_CONVERSION = YES;
				CLANG_WARN_OBJC_ROOT_CLASS = YES_ERROR;
				CLANG_WARN__DUPLICATE_METHOD_MATCH = YES;
				"CODE_SIGN_IDENTITY[sdk=iphoneos*]" = "iPhone Developer";
				COPY_PHASE_STRIP = YES;
				ENABLE_NS_ASSERTIONS = NO;
				GCC_C_LANGUAGE_STANDARD = gnu99;
				GCC_WARN_64_TO_32_BIT_CONVERSION = YES;
				GCC_WARN_ABOUT_RETURN_TYPE = YES_ERROR;
				GCC_WARN_UNDECLARED_SELECTOR = YES;
				GCC_WARN_UNINITIALIZED_AUTOS = YES_AGGRESSIVE;
				GCC_WARN_UNUSED_FUNCTION = YES;
				GCC_WARN_UNUSED_VARIABLE = YES;
				IPHONEOS_DEPLOYMENT_TARGET = 7.1;
				SDKROOT = iphoneos;
				VALIDATE_PRODUCT = YES;
			};
			name = Release;
		};
		5C9707771928D634007ACED8 /* Debug */ = {
			isa = XCBuildConfiguration;
			buildSettings = {
				ASSETCATALOG_COMPILER_APPICON_NAME = AppIcon;
				ASSETCATALOG_COMPILER_LAUNCHIMAGE_NAME = LaunchImage;
				FRAMEWORK_SEARCH_PATHS = (
					"$(inherited)",
					"$(PROJECT_DIR)",
				);
				GCC_PRECOMPILE_PREFIX_HEADER = YES;
				GCC_PREFIX_HEADER = "Geburtstag/Geburtstag-Prefix.pch";
				INFOPLIST_FILE = "Geburtstag/Geburtstag-Info.plist";
				IPHONEOS_DEPLOYMENT_TARGET = 7.1;
				PRODUCT_NAME = "$(TARGET_NAME)";
				TARGETED_DEVICE_FAMILY = 1;
				WRAPPER_EXTENSION = app;
			};
			name = Debug;
		};
		5C9707781928D634007ACED8 /* Release */ = {
			isa = XCBuildConfiguration;
			buildSettings = {
				ASSETCATALOG_COMPILER_APPICON_NAME = AppIcon;
				ASSETCATALOG_COMPILER_LAUNCHIMAGE_NAME = LaunchImage;
				FRAMEWORK_SEARCH_PATHS = (
					"$(inherited)",
					"$(PROJECT_DIR)",
				);
				GCC_PRECOMPILE_PREFIX_HEADER = YES;
				GCC_PREFIX_HEADER = "Geburtstag/Geburtstag-Prefix.pch";
				INFOPLIST_FILE = "Geburtstag/Geburtstag-Info.plist";
				IPHONEOS_DEPLOYMENT_TARGET = 7.1;
				PRODUCT_NAME = "$(TARGET_NAME)";
				TARGETED_DEVICE_FAMILY = 1;
				WRAPPER_EXTENSION = app;
			};
			name = Release;
		};
		5C97077A1928D634007ACED8 /* Debug */ = {
			isa = XCBuildConfiguration;
			buildSettings = {
				BUNDLE_LOADER = "$(BUILT_PRODUCTS_DIR)/Geburtstag.app/Geburtstag";
				FRAMEWORK_SEARCH_PATHS = (
					"$(SDKROOT)/Developer/Library/Frameworks",
					"$(inherited)",
					"$(DEVELOPER_FRAMEWORKS_DIR)",
				);
				GCC_PRECOMPILE_PREFIX_HEADER = YES;
				GCC_PREFIX_HEADER = "Geburtstag/Geburtstag-Prefix.pch";
				GCC_PREPROCESSOR_DEFINITIONS = (
					"DEBUG=1",
					"$(inherited)",
				);
				INFOPLIST_FILE = "GeburtstagTests/GeburtstagTests-Info.plist";
				PRODUCT_NAME = "$(TARGET_NAME)";
				TEST_HOST = "$(BUNDLE_LOADER)";
				WRAPPER_EXTENSION = xctest;
			};
			name = Debug;
		};
		5C97077B1928D634007ACED8 /* Release */ = {
			isa = XCBuildConfiguration;
			buildSettings = {
				BUNDLE_LOADER = "$(BUILT_PRODUCTS_DIR)/Geburtstag.app/Geburtstag";
				FRAMEWORK_SEARCH_PATHS = (
					"$(SDKROOT)/Developer/Library/Frameworks",
					"$(inherited)",
					"$(DEVELOPER_FRAMEWORKS_DIR)",
				);
				GCC_PRECOMPILE_PREFIX_HEADER = YES;
				GCC_PREFIX_HEADER = "Geburtstag/Geburtstag-Prefix.pch";
				INFOPLIST_FILE = "GeburtstagTests/GeburtstagTests-Info.plist";
				PRODUCT_NAME = "$(TARGET_NAME)";
				TEST_HOST = "$(BUNDLE_LOADER)";
				WRAPPER_EXTENSION = xctest;
			};
			name = Release;
		};
/* End XCBuildConfiguration section */

/* Begin XCConfigurationList section */
		5C9707451928D634007ACED8 /* Build configuration list for PBXProject "Geburtstag" */ = {
			isa = XCConfigurationList;
			buildConfigurations = (
				5C9707741928D634007ACED8 /* Debug */,
				5C9707751928D634007ACED8 /* Release */,
			);
			defaultConfigurationIsVisible = 0;
			defaultConfigurationName = Release;
		};
		5C9707761928D634007ACED8 /* Build configuration list for PBXNativeTarget "Geburtstag" */ = {
			isa = XCConfigurationList;
			buildConfigurations = (
				5C9707771928D634007ACED8 /* Debug */,
				5C9707781928D634007ACED8 /* Release */,
			);
			defaultConfigurationIsVisible = 0;
			defaultConfigurationName = Release;
		};
		5C9707791928D634007ACED8 /* Build configuration list for PBXNativeTarget "GeburtstagTests" */ = {
			isa = XCConfigurationList;
			buildConfigurations = (
				5C97077A1928D634007ACED8 /* Debug */,
				5C97077B1928D634007ACED8 /* Release */,
			);
			defaultConfigurationIsVisible = 0;
			defaultConfigurationName = Release;
		};
/* End XCConfigurationList section */
	};
	rootObject = 5C9707421928D634007ACED8 /* Project object */;
}
